
Microsoft Visual Studio Solution File, Format Version 12.00
# Visual Studio Version 17
VisualStudioVersion = 17.12.35506.116 d17.12
MinimumVisualStudioVersion = 10.0.40219.1
Project("{FAE04EC0-301F-11D3-BF4B-00C04F79EFBC}") = "WEB_APIv1.Server", "WEB_APIv1\WEB_APIv1.Server\WEB_APIv1.Server.csproj", "{E501A8C2-779C-4873-AB5C-E89367DD0EC6}"
EndProject
Project("{FAE04EC0-301F-11D3-BF4B-00C04F79EFBC}") = "WEB_APIv1.Core", "WEB_APIv1\WEB_APIv1.Core\WEB_APIv1.Core.csproj", "{AA032AA4-9198-4140-8CFD-6D4D889C93CC}"
EndProject
Project("{54A90642-561A-4BB1-A94E-469ADEE60C69}") = "WEB_APIv1.client", "WEB_APIv1\WEB_APIv1.client\WEB_APIv1.client.esproj", "{6EDEA490-8C55-4ED0-8B88-978085942C60}"
EndProject
Global
	GlobalSection(SolutionConfigurationPlatforms) = preSolution
		Debug|Any CPU = Debug|Any CPU
		Release|Any CPU = Release|Any CPU
	EndGlobalSection
	GlobalSection(ProjectConfigurationPlatforms) = postSolution
		{E501A8C2-779C-4873-AB5C-E89367DD0EC6}.Debug|Any CPU.ActiveCfg = Debug|Any CPU
		{E501A8C2-779C-4873-AB5C-E89367DD0EC6}.Debug|Any CPU.Build.0 = Debug|Any CPU
		{E501A8C2-779C-4873-AB5C-E89367DD0EC6}.Release|Any CPU.ActiveCfg = Release|Any CPU
		{E501A8C2-779C-4873-AB5C-E89367DD0EC6}.Release|Any CPU.Build.0 = Release|Any CPU
		{AA032AA4-9198-4140-8CFD-6D4D889C93CC}.Debug|Any CPU.ActiveCfg = Debug|Any CPU
		{AA032AA4-9198-4140-8CFD-6D4D889C93CC}.Debug|Any CPU.Build.0 = Debug|Any CPU
		{AA032AA4-9198-4140-8CFD-6D4D889C93CC}.Release|Any CPU.ActiveCfg = Release|Any CPU
		{AA032AA4-9198-4140-8CFD-6D4D889C93CC}.Release|Any CPU.Build.0 = Release|Any CPU
		{6EDEA490-8C55-4ED0-8B88-978085942C60}.Debug|Any CPU.ActiveCfg = Debug|Any CPU
		{6EDEA490-8C55-4ED0-8B88-978085942C60}.Debug|Any CPU.Build.0 = Debug|Any CPU
		{6EDEA490-8C55-4ED0-8B88-978085942C60}.Debug|Any CPU.Deploy.0 = Debug|Any CPU
		{6EDEA490-8C55-4ED0-8B88-978085942C60}.Release|Any CPU.ActiveCfg = Release|Any CPU
		{6EDEA490-8C55-4ED0-8B88-978085942C60}.Release|Any CPU.Build.0 = Release|Any CPU
		{6EDEA490-8C55-4ED0-8B88-978085942C60}.Release|Any CPU.Deploy.0 = Release|Any CPU
	EndGlobalSection
	GlobalSection(SolutionProperties) = preSolution
		HideSolutionNode = FALSE
	EndGlobalSection
EndGlobal
